{
  "name": "vacations_sys",
  "lockfileVersion": 3,
  "requires": true,
  "packages": {
    "": {
      "dependencies": {
        "@canvasjs/charts": "^3.8.0",
        "@canvasjs/react-charts": "^1.0.2",
        "@canvasjs/react-stockcharts": "^1.0.2"
      }
    },
    "node_modules/@canvasjs/charts": {
      "version": "3.8.0",
      "resolved": "https://registry.npmjs.org/@canvasjs/charts/-/charts-3.8.0.tgz",
      "integrity": "sha512-oBxhhFmNxFcSQ32P6laV9hnHXfI5TGH3xH7xhqDhICphfj+EE20Q6WvXMk4GxzGbFDuo5Sm+Laq1keqvh+h18A=="
    },
    "node_modules/@canvasjs/react-charts": {
      "version": "1.0.2",
      "resolved": "https://registry.npmjs.org/@canvasjs/react-charts/-/react-charts-1.0.2.tgz",
      "integrity": "sha512-PZgJlDbGdMF4AN/KvrvGY9X50EByJMZ7MHfQB/U0aky9Onn9mt0CpsvwudBsBe+DofaV3SHR4SHn/Wfo/pubDw==",
      "peerDependencies": {
        "@canvasjs/charts": "^3.7.5",
        "react": ">=16.0.0"
      }
    },
    "node_modules/@canvasjs/react-stockcharts": {
      "version": "1.0.2",
      "resolved": "https://registry.npmjs.org/@canvasjs/react-stockcharts/-/react-stockcharts-1.0.2.tgz",
      "integrity": "sha512-4KowrU35mEJhzXqWL7bc/3mPuwKUEODuhse5ya/Ciuz+vt2LzFeoDQavBBg98JtwUKhfyx3oHJdGLCzhKNHX8w==",
      "peerDependencies": {
        "@canvasjs/stockcharts": "^1.7.5",
        "react": ">=16.0.0"
      }
    },
    "node_modules/@canvasjs/stockcharts": {
      "version": "1.8.0",
      "resolved": "https://registry.npmjs.org/@canvasjs/stockcharts/-/stockcharts-1.8.0.tgz",
      "integrity": "sha512-B8tf8iqydMVAAPyI06chKrqYrRp4KM3K5EFy8NsYB99f9jfMzUTozzwyCUNXCf6i3SbvlSqmkm2eyPVOX21N6w==",
      "peer": true
    },
    "node_modules/js-tokens": {
      "version": "4.0.0",
      "resolved": "https://registry.npmjs.org/js-tokens/-/js-tokens-4.0.0.tgz",
      "integrity": "sha512-RdJUflcE3cUzKiMqQgsCu06FPu9UdIJO0beYbPhHN4k6apgJtifcoCtT9bcxOpYBtpD2kCM6Sbzg4CausW/PKQ==",
      "peer": true
    },
    "node_modules/loose-envify": {
      "version": "1.4.0",
      "resolved": "https://registry.npmjs.org/loose-envify/-/loose-envify-1.4.0.tgz",
      "integrity": "sha512-lyuxPGr/Wfhrlem2CL/UcnUc1zcqKAImBDzukY7Y5F/yQiNdko6+fRLevlw1HgMySw7f611UIY408EtxRSoK3Q==",
      "peer": true,
      "dependencies": {
        "js-tokens": "^3.0.0 || ^4.0.0"
      },
      "bin": {
        "loose-envify": "cli.js"
      }
    },
    "node_modules/react": {
      "version": "18.2.0",
      "resolved": "https://registry.npmjs.org/react/-/react-18.2.0.tgz",
      "integrity": "sha512-/3IjMdb2L9QbBdWiW5e3P2/npwMBaU9mHCSCUzNln0ZCYbcfTsGbTJrU/kGemdH2IWmB2ioZ+zkxtmq6g09fGQ==",
      "peer": true,
      "dependencies": {
        "loose-envify": "^1.1.0"
      },
      "engines": {
        "node": ">=0.10.0"
      }
    }
  }
}
